
Microsoft Visual Studio Solution File, Format Version 12.00
# Visual Studio Version 17
VisualStudioVersion = 17.8.34330.188
MinimumVisualStudioVersion = 10.0.40219.1
Project("{FAE04EC0-301F-11D3-BF4B-00C04F79EFBC}") = "Product", "Product\Product.csproj", "{6E485AC4-F7EB-412C-BDD7-2BE50E84B54E}"
EndProject
Project("{FAE04EC0-301F-11D3-BF4B-00C04F79EFBC}") = "Product.Tests", "Product.Tests\Product.Tests.csproj", "{5F4E77FF-B80D-43E5-8F4B-1FEF6DF71DEA}"
EndProject
Project("{FAE04EC0-301F-11D3-BF4B-00C04F79EFBC}") = "Product.CLI", "Product.CLI\Product.CLI.csproj", "{32B7ABF8-931A-4860-987D-FAB18D05B3F0}"
EndProject
Global
	GlobalSection(SolutionConfigurationPlatforms) = preSolution
		Debug|Any CPU = Debug|Any CPU
		Release|Any CPU = Release|Any CPU
	EndGlobalSection
	GlobalSection(ProjectConfigurationPlatforms) = postSolution
		{6E485AC4-F7EB-412C-BDD7-2BE50E84B54E}.Debug|Any CPU.ActiveCfg = Debug|Any CPU
		{6E485AC4-F7EB-412C-BDD7-2BE50E84B54E}.Debug|Any CPU.Build.0 = Debug|Any CPU
		{6E485AC4-F7EB-412C-BDD7-2BE50E84B54E}.Release|Any CPU.ActiveCfg = Release|Any CPU
		{6E485AC4-F7EB-412C-BDD7-2BE50E84B54E}.Release|Any CPU.Build.0 = Release|Any CPU
		{5F4E77FF-B80D-43E5-8F4B-1FEF6DF71DEA}.Debug|Any CPU.ActiveCfg = Debug|Any CPU
		{5F4E77FF-B80D-43E5-8F4B-1FEF6DF71DEA}.Debug|Any CPU.Build.0 = Debug|Any CPU
		{5F4E77FF-B80D-43E5-8F4B-1FEF6DF71DEA}.Release|Any CPU.ActiveCfg = Release|Any CPU
		{5F4E77FF-B80D-43E5-8F4B-1FEF6DF71DEA}.Release|Any CPU.Build.0 = Release|Any CPU
		{32B7ABF8-931A-4860-987D-FAB18D05B3F0}.Debug|Any CPU.ActiveCfg = Debug|Any CPU
		{32B7ABF8-931A-4860-987D-FAB18D05B3F0}.Debug|Any CPU.Build.0 = Debug|Any CPU
		{32B7ABF8-931A-4860-987D-FAB18D05B3F0}.Release|Any CPU.ActiveCfg = Release|Any CPU
		{32B7ABF8-931A-4860-987D-FAB18D05B3F0}.Release|Any CPU.Build.0 = Release|Any CPU
	EndGlobalSection
	GlobalSection(SolutionProperties) = preSolution
		HideSolutionNode = FALSE
	EndGlobalSection
	GlobalSection(ExtensibilityGlobals) = postSolution
		SolutionGuid = {785456A5-9510-4846-83CC-E06634730640}
	EndGlobalSection
EndGlobal
